// !$*UTF8*$!
{
	archiveVersion = 1;
	classes = {
	};
	objectVersion = 46;
	objects = {

/* Begin PBXBuildFile section */
		1B4B66E41C162F3800247198 /* AppDelegate.swift in Sources */ = {isa = PBXBuildFile; fileRef = 1B4B66E31C162F3800247198 /* AppDelegate.swift */; };
		1B4B66E61C162F3800247198 /* ViewController.swift in Sources */ = {isa = PBXBuildFile; fileRef = 1B4B66E51C162F3800247198 /* ViewController.swift */; };
		1B4B66E91C162F3800247198 /* Main.storyboard in Resources */ = {isa = PBXBuildFile; fileRef = 1B4B66E71C162F3800247198 /* Main.storyboard */; };
		1B4B66EB1C162F3800247198 /* Assets.xcassets in Resources */ = {isa = PBXBuildFile; fileRef = 1B4B66EA1C162F3800247198 /* Assets.xcassets */; };
		1B4B66EE1C162F3800247198 /* LaunchScreen.storyboard in Resources */ = {isa = PBXBuildFile; fileRef = 1B4B66EC1C162F3800247198 /* LaunchScreen.storyboard */; };
		1B4B66F71C1631FC00247198 /* Bolts.framework in Frameworks */ = {isa = PBXBuildFile; fileRef = 1B4B66F61C1631FC00247198 /* Bolts.framework */; };
		1B4B66F91C16321100247198 /* Parse.framework in Frameworks */ = {isa = PBXBuildFile; fileRef = 1B4B66F81C16321100247198 /* Parse.framework */; };
		1B4B66FB1C16345A00247198 /* AudioToolbox.framework in Frameworks */ = {isa = PBXBuildFile; fileRef = 1B4B66FA1C16345A00247198 /* AudioToolbox.framework */; };
		1B4B66FD1C16346600247198 /* CFNetwork.framework in Frameworks */ = {isa = PBXBuildFile; fileRef = 1B4B66FC1C16346600247198 /* CFNetwork.framework */; };
		1B4B66FF1C16347300247198 /* CoreGraphics.framework in Frameworks */ = {isa = PBXBuildFile; fileRef = 1B4B66FE1C16347300247198 /* CoreGraphics.framework */; };
		1B4B67011C16348100247198 /* CoreLocation.framework in Frameworks */ = {isa = PBXBuildFile; fileRef = 1B4B67001C16348100247198 /* CoreLocation.framework */; };
		1B4B67031C16349000247198 /* QuartzCore.framework in Frameworks */ = {isa = PBXBuildFile; fileRef = 1B4B67021C16349000247198 /* QuartzCore.framework */; };
		1B4B67051C16349C00247198 /* Security.framework in Frameworks */ = {isa = PBXBuildFile; fileRef = 1B4B67041C16349C00247198 /* Security.framework */; };
		1B4B67071C1634AD00247198 /* StoreKit.framework in Frameworks */ = {isa = PBXBuildFile; fileRef = 1B4B67061C1634AD00247198 /* StoreKit.framework */; };
		1B4B67091C1634BB00247198 /* SystemConfiguration.framework in Frameworks */ = {isa = PBXBuildFile; fileRef = 1B4B67081C1634BB00247198 /* SystemConfiguration.framework */; };
		1B4B670B1C1634D300247198 /* libz.tbd in Frameworks */ = {isa = PBXBuildFile; fileRef = 1B4B670A1C1634D300247198 /* libz.tbd */; };
		1B4B670D1C1634E400247198 /* libsqlite3.tbd in Frameworks */ = {isa = PBXBuildFile; fileRef = 1B4B670C1C1634E400247198 /* libsqlite3.tbd */; };
		1B4B670F1C16354700247198 /* Accounts.framework in Frameworks */ = {isa = PBXBuildFile; fileRef = 1B4B670E1C16354700247198 /* Accounts.framework */; };
		1B4B67111C16355500247198 /* Social.framework in Frameworks */ = {isa = PBXBuildFile; fileRef = 1B4B67101C16355500247198 /* Social.framework */; };
		1B4B67141C16442200247198 /* Trabajador.swift in Sources */ = {isa = PBXBuildFile; fileRef = 1B4B67131C16442200247198 /* Trabajador.swift */; };
/* End PBXBuildFile section */

/* Begin PBXFileReference section */
		1B4B66E01C162F3800247198 /* ContaCafeParse.app */ = {isa = PBXFileReference; explicitFileType = wrapper.application; includeInIndex = 0; path = ContaCafeParse.app; sourceTree = BUILT_PRODUCTS_DIR; };
		1B4B66E31C162F3800247198 /* AppDelegate.swift */ = {isa = PBXFileReference; lastKnownFileType = sourcecode.swift; path = AppDelegate.swift; sourceTree = "<group>"; };
		1B4B66E51C162F3800247198 /* ViewController.swift */ = {isa = PBXFileReference; lastKnownFileType = sourcecode.swift; path = ViewController.swift; sourceTree = "<group>"; };
		1B4B66E81C162F3800247198 /* Base */ = {isa = PBXFileReference; lastKnownFileType = file.storyboard; name = Base; path = Base.lproj/Main.storyboard; sourceTree = "<group>"; };
		1B4B66EA1C162F3800247198 /* Assets.xcassets */ = {isa = PBXFileReference; lastKnownFileType = folder.assetcatalog; path = Assets.xcassets; sourceTree = "<group>"; };
		1B4B66ED1C162F3800247198 /* Base */ = {isa = PBXFileReference; lastKnownFileType = file.storyboard; name = Base; path = Base.lproj/LaunchScreen.storyboard; sourceTree = "<group>"; };
		1B4B66EF1C162F3800247198 /* Info.plist */ = {isa = PBXFileReference; lastKnownFileType = text.plist.xml; path = Info.plist; sourceTree = "<group>"; };
		1B4B66F61C1631FC00247198 /* Bolts.framework */ = {isa = PBXFileReference; lastKnownFileType = wrapper.framework; path = Bolts.framework; sourceTree = "<group>"; };
		1B4B66F81C16321100247198 /* Parse.framework */ = {isa = PBXFileReference; lastKnownFileType = wrapper.framework; path = Parse.framework; sourceTree = "<group>"; };
		1B4B66FA1C16345A00247198 /* AudioToolbox.framework */ = {isa = PBXFileReference; lastKnownFileType = wrapper.framework; name = AudioToolbox.framework; path = System/Library/Frameworks/AudioToolbox.framework; sourceTree = SDKROOT; };
		1B4B66FC1C16346600247198 /* CFNetwork.framework */ = {isa = PBXFileReference; lastKnownFileType = wrapper.framework; name = CFNetwork.framework; path = System/Library/Frameworks/CFNetwork.framework; sourceTree = SDKROOT; };
		1B4B66FE1C16347300247198 /* CoreGraphics.framework */ = {isa = PBXFileReference; lastKnownFileType = wrapper.framework; name = CoreGraphics.framework; path = System/Library/Frameworks/CoreGraphics.framework; sourceTree = SDKROOT; };
		1B4B67001C16348100247198 /* CoreLocation.framework */ = {isa = PBXFileReference; lastKnownFileType = wrapper.framework; name = CoreLocation.framework; path = System/Library/Frameworks/CoreLocation.framework; sourceTree = SDKROOT; };
		1B4B67021C16349000247198 /* QuartzCore.framework */ = {isa = PBXFileReference; lastKnownFileType = wrapper.framework; name = QuartzCore.framework; path = System/Library/Frameworks/QuartzCore.framework; sourceTree = SDKROOT; };
		1B4B67041C16349C00247198 /* Security.framework */ = {isa = PBXFileReference; lastKnownFileType = wrapper.framework; name = Security.framework; path = System/Library/Frameworks/Security.framework; sourceTree = SDKROOT; };
		1B4B67061C1634AD00247198 /* StoreKit.framework */ = {isa = PBXFileReference; lastKnownFileType = wrapper.framework; name = StoreKit.framework; path = System/Library/Frameworks/StoreKit.framework; sourceTree = SDKROOT; };
		1B4B67081C1634BB00247198 /* SystemConfiguration.framework */ = {isa = PBXFileReference; lastKnownFileType = wrapper.framework; name = SystemConfiguration.framework; path = System/Library/Frameworks/SystemConfiguration.framework; sourceTree = SDKROOT; };
		1B4B670A1C1634D300247198 /* libz.tbd */ = {isa = PBXFileReference; lastKnownFileType = "sourcecode.text-based-dylib-definition"; name = libz.tbd; path = usr/lib/libz.tbd; sourceTree = SDKROOT; };
		1B4B670C1C1634E400247198 /* libsqlite3.tbd */ = {isa = PBXFileReference; lastKnownFileType = "sourcecode.text-based-dylib-definition"; name = libsqlite3.tbd; path = usr/lib/libsqlite3.tbd; sourceTree = SDKROOT; };
		1B4B670E1C16354700247198 /* Accounts.framework */ = {isa = PBXFileReference; lastKnownFileType = wrapper.framework; name = Accounts.framework; path = System/Library/Frameworks/Accounts.framework; sourceTree = SDKROOT; };
		1B4B67101C16355500247198 /* Social.framework */ = {isa = PBXFileReference; lastKnownFileType = wrapper.framework; name = Social.framework; path = System/Library/Frameworks/Social.framework; sourceTree = SDKROOT; };
		1B4B67131C16442200247198 /* Trabajador.swift */ = {isa = PBXFileReference; fileEncoding = 4; lastKnownFileType = sourcecode.swift; path = Trabajador.swift; sourceTree = "<group>"; };
/* End PBXFileReference section */

/* Begin PBXFrameworksBuildPhase section */
		1B4B66DD1C162F3800247198 /* Frameworks */ = {
			isa = PBXFrameworksBuildPhase;
			buildActionMask = 2147483647;
			files = (
				1B4B67111C16355500247198 /* Social.framework in Frameworks */,
				1B4B670F1C16354700247198 /* Accounts.framework in Frameworks */,
				1B4B670D1C1634E400247198 /* libsqlite3.tbd in Frameworks */,
				1B4B670B1C1634D300247198 /* libz.tbd in Frameworks */,
				1B4B67091C1634BB00247198 /* SystemConfiguration.framework in Frameworks */,
				1B4B67071C1634AD00247198 /* StoreKit.framework in Frameworks */,
				1B4B67051C16349C00247198 /* Security.framework in Frameworks */,
				1B4B67031C16349000247198 /* QuartzCore.framework in Frameworks */,
				1B4B67011C16348100247198 /* CoreLocation.framework in Frameworks */,
				1B4B66FF1C16347300247198 /* CoreGraphics.framework in Frameworks */,
				1B4B66FD1C16346600247198 /* CFNetwork.framework in Frameworks */,
				1B4B66FB1C16345A00247198 /* AudioToolbox.framework in Frameworks */,
				1B4B66F91C16321100247198 /* Parse.framework in Frameworks */,
				1B4B66F71C1631FC00247198 /* Bolts.framework in Frameworks */,
			);
			runOnlyForDeploymentPostprocessing = 0;
		};
/* End PBXFrameworksBuildPhase section */

/* Begin PBXGroup section */
		1B4B66D71C162F3800247198 = {
			isa = PBXGroup;
			children = (
				1B4B67121C16411600247198 /* Models */,
				1B4B66F51C162F4400247198 /* Frameworks */,
				1B4B66E21C162F3800247198 /* ContaCafeParse */,
				1B4B66E11C162F3800247198 /* Products */,
			);
			sourceTree = "<group>";
		};
		1B4B66E11C162F3800247198 /* Products */ = {
			isa = PBXGroup;
			children = (
				1B4B66E01C162F3800247198 /* ContaCafeParse.app */,
			);
			name = Products;
			sourceTree = "<group>";
		};
		1B4B66E21C162F3800247198 /* ContaCafeParse */ = {
			isa = PBXGroup;
			children = (
				1B4B66E31C162F3800247198 /* AppDelegate.swift */,
				1B4B66E51C162F3800247198 /* ViewController.swift */,
				1B4B66E71C162F3800247198 /* Main.storyboard */,
				1B4B66EA1C162F3800247198 /* Assets.xcassets */,
				1B4B66EC1C162F3800247198 /* LaunchScreen.storyboard */,
				1B4B66EF1C162F3800247198 /* Info.plist */,
			);
			path = ContaCafeParse;
			sourceTree = "<group>";
		};
		1B4B66F51C162F4400247198 /* Frameworks */ = {
			isa = PBXGroup;
			children = (
				1B4B67101C16355500247198 /* Social.framework */,
				1B4B670E1C16354700247198 /* Accounts.framework */,
				1B4B670C1C1634E400247198 /* libsqlite3.tbd */,
				1B4B670A1C1634D300247198 /* libz.tbd */,
				1B4B67081C1634BB00247198 /* SystemConfiguration.framework */,
				1B4B67061C1634AD00247198 /* StoreKit.framework */,
				1B4B67041C16349C00247198 /* Security.framework */,
				1B4B67021C16349000247198 /* QuartzCore.framework */,
				1B4B67001C16348100247198 /* CoreLocation.framework */,
				1B4B66FE1C16347300247198 /* CoreGraphics.framework */,
				1B4B66FC1C16346600247198 /* CFNetwork.framework */,
				1B4B66FA1C16345A00247198 /* AudioToolbox.framework */,
				1B4B66F81C16321100247198 /* Parse.framework */,
				1B4B66F61C1631FC00247198 /* Bolts.framework */,
			);
			name = Frameworks;
			sourceTree = "<group>";
		};
		1B4B67121C16411600247198 /* Models */ = {
			isa = PBXGroup;
			children = (
				1B4B67131C16442200247198 /* Trabajador.swift */,
			);
			name = Models;
			sourceTree = "<group>";
		};
/* End PBXGroup section */

/* Begin PBXNativeTarget section */
		1B4B66DF1C162F3800247198 /* ContaCafeParse */ = {
			isa = PBXNativeTarget;
			buildConfigurationList = 1B4B66F21C162F3800247198 /* Build configuration list for PBXNativeTarget "ContaCafeParse" */;
			buildPhases = (
				1B4B66DC1C162F3800247198 /* Sources */,
				1B4B66DD1C162F3800247198 /* Frameworks */,
				1B4B66DE1C162F3800247198 /* Resources */,
			);
			buildRules = (
			);
			dependencies = (
			);
			name = ContaCafeParse;
			productName = ContaCafeParse;
			productReference = 1B4B66E01C162F3800247198 /* ContaCafeParse.app */;
			productType = "com.apple.product-type.application";
		};
/* End PBXNativeTarget section */

/* Begin PBXProject section */
		1B4B66D81C162F3800247198 /* Project object */ = {
			isa = PBXProject;
			attributes = {
				LastSwiftUpdateCheck = 0710;
				LastUpgradeCheck = 0710;
				ORGANIZATIONNAME = Aplimovil;
				TargetAttributes = {
					1B4B66DF1C162F3800247198 = {
						CreatedOnToolsVersion = 7.1.1;
					};
				};
			};
			buildConfigurationList = 1B4B66DB1C162F3800247198 /* Build configuration list for PBXProject "ContaCafeParse" */;
			compatibilityVersion = "Xcode 3.2";
			developmentRegion = English;
			hasScannedForEncodings = 0;
			knownRegions = (
				en,
				Base,
			);
			mainGroup = 1B4B66D71C162F3800247198;
			productRefGroup = 1B4B66E11C162F3800247198 /* Products */;
			projectDirPath = "";
			projectRoot = "";
			targets = (
				1B4B66DF1C162F3800247198 /* ContaCafeParse */,
			);
		};
/* End PBXProject section */

/* Begin PBXResourcesBuildPhase section */
		1B4B66DE1C162F3800247198 /* Resources */ = {
			isa = PBXResourcesBuildPhase;
			buildActionMask = 2147483647;
			files = (
				1B4B66EE1C162F3800247198 /* LaunchScreen.storyboard in Resources */,
				1B4B66EB1C162F3800247198 /* Assets.xcassets in Resources */,
				1B4B66E91C162F3800247198 /* Main.storyboard in Resources */,
			);
			runOnlyForDeploymentPostprocessing = 0;
		};
/* End PBXResourcesBuildPhase section */

/* Begin PBXSourcesBuildPhase section */
		1B4B66DC1C162F3800247198 /* Sources */ = {
			isa = PBXSourcesBuildPhase;
			buildActionMask = 2147483647;
			files = (
				1B4B66E61C162F3800247198 /* ViewController.swift in Sources */,
				1B4B66E41C162F3800247198 /* AppDelegate.swift in Sources */,
				1B4B67141C16442200247198 /* Trabajador.swift in Sources */,
			);
			runOnlyForDeploymentPostprocessing = 0;
		};
/* End PBXSourcesBuildPhase section */

/* Begin PBXVariantGroup section */
		1B4B66E71C162F3800247198 /* Main.storyboard */ = {
			isa = PBXVariantGroup;
			children = (
				1B4B66E81C162F3800247198 /* Base */,
			);
			name = Main.storyboard;
			sourceTree = "<group>";
		};
		1B4B66EC1C162F3800247198 /* LaunchScreen.storyboard */ = {
			isa = PBXVariantGroup;
			children = (
				1B4B66ED1C162F3800247198 /* Base */,
			);
			name = LaunchScreen.storyboard;
			sourceTree = "<group>";
		};
/* End PBXVariantGroup section */

/* Begin XCBuildConfiguration section */
		1B4B66F01C162F3800247198 /* Debug */ = {
			isa = XCBuildConfiguration;
			buildSettings = {
				ALWAYS_SEARCH_USER_PATHS = NO;
				CLANG_CXX_LANGUAGE_STANDARD = "gnu++0x";
				CLANG_CXX_LIBRARY = "libc++";
				CLANG_ENABLE_MODULES = YES;
				CLANG_ENABLE_OBJC_ARC = YES;
				CLANG_WARN_BOOL_CONVERSION = YES;
				CLANG_WARN_CONSTANT_CONVERSION = YES;
				CLANG_WARN_DIRECT_OBJC_ISA_USAGE = YES_ERROR;
				CLANG_WARN_EMPTY_BODY = YES;
				CLANG_WARN_ENUM_CONVERSION = YES;
				CLANG_WARN_INT_CONVERSION = YES;
				CLANG_WARN_OBJC_ROOT_CLASS = YES_ERROR;
				CLANG_WARN_UNREACHABLE_CODE = YES;
				CLANG_WARN__DUPLICATE_METHOD_MATCH = YES;
				"CODE_SIGN_IDENTITY[sdk=iphoneos*]" = "iPhone Developer";
				COPY_PHASE_STRIP = NO;
				DEBUG_INFORMATION_FORMAT = dwarf;
				ENABLE_STRICT_OBJC_MSGSEND = YES;
				ENABLE_TESTABILITY = YES;
				GCC_C_LANGUAGE_STANDARD = gnu99;
				GCC_DYNAMIC_NO_PIC = NO;
				GCC_NO_COMMON_BLOCKS = YES;
				GCC_OPTIMIZATION_LEVEL = 0;
				GCC_PREPROCESSOR_DEFINITIONS = (
					"DEBUG=1",
					"$(inherited)",
				);
				GCC_WARN_64_TO_32_BIT_CONVERSION = YES;
				GCC_WARN_ABOUT_RETURN_TYPE = YES_ERROR;
				GCC_WARN_UNDECLARED_SELECTOR = YES;
				GCC_WARN_UNINITIALIZED_AUTOS = YES_AGGRESSIVE;
				GCC_WARN_UNUSED_FUNCTION = YES;
				GCC_WARN_UNUSED_VARIABLE = YES;
				IPHONEOS_DEPLOYMENT_TARGET = 9.1;
				MTL_ENABLE_DEBUG_INFO = YES;
				ONLY_ACTIVE_ARCH = YES;
				SDKROOT = iphoneos;
				SWIFT_OPTIMIZATION_LEVEL = "-Onone";
				TARGETED_DEVICE_FAMILY = "1,2";
			};
			name = Debug;
		};
		1B4B66F11C162F3800247198 /* Release */ = {
			isa = XCBuildConfiguration;
			buildSettings = {
				ALWAYS_SEARCH_USER_PATHS = NO;
				CLANG_CXX_LANGUAGE_STANDARD = "gnu++0x";
				CLANG_CXX_LIBRARY = "libc++";
				CLANG_ENABLE_MODULES = YES;
				CLANG_ENABLE_OBJC_ARC = YES;
				CLANG_WARN_BOOL_CONVERSION = YES;
				CLANG_WARN_CONSTANT_CONVERSION = YES;
				CLANG_WARN_DIRECT_OBJC_ISA_USAGE = YES_ERROR;
				CLANG_WARN_EMPTY_BODY = YES;
				CLANG_WARN_ENUM_CONVERSION = YES;
				CLANG_WARN_INT_CONVERSION = YES;
				CLANG_WARN_OBJC_ROOT_CLASS = YES_ERROR;
				CLANG_WARN_UNREACHABLE_CODE = YES;
				CLANG_WARN__DUPLICATE_METHOD_MATCH = YES;
				"CODE_SIGN_IDENTITY[sdk=iphoneos*]" = "iPhone Developer";
				COPY_PHASE_STRIP = NO;
				DEBUG_INFORMATION_FORMAT = "dwarf-with-dsym";
				ENABLE_NS_ASSERTIONS = NO;
				ENABLE_STRICT_OBJC_MSGSEND = YES;
				GCC_C_LANGUAGE_STANDARD = gnu99;
				GCC_NO_COMMON_BLOCKS = YES;
				GCC_WARN_64_TO_32_BIT_CONVERSION = YES;
				GCC_WARN_ABOUT_RETURN_TYPE = YES_ERROR;
				GCC_WARN_UNDECLARED_SELECTOR = YES;
				GCC_WARN_UNINITIALIZED_AUTOS = YES_AGGRESSIVE;
				GCC_WARN_UNUSED_FUNCTION = YES;
				GCC_WARN_UNUSED_VARIABLE = YES;
				IPHONEOS_DEPLOYMENT_TARGET = 9.1;
				MTL_ENABLE_DEBUG_INFO = NO;
				SDKROOT = iphoneos;
				TARGETED_DEVICE_FAMILY = "1,2";
				VALIDATE_PRODUCT = YES;
			};
			name = Release;
		};
		1B4B66F31C162F3800247198 /* Debug */ = {
			isa = XCBuildConfiguration;
			buildSettings = {
				ASSETCATALOG_COMPILER_APPICON_NAME = AppIcon;
				FRAMEWORK_SEARCH_PATHS = (
					"$(inherited)",
					"$(PROJECT_DIR)",
				);
				INFOPLIST_FILE = ContaCafeParse/Info.plist;
				LD_RUNPATH_SEARCH_PATHS = "$(inherited) @executable_path/Frameworks";
				PRODUCT_BUNDLE_IDENTIFIER = unicauca.ContaCafeParse;
				PRODUCT_NAME = "$(TARGET_NAME)";
			};
			name = Debug;
		};
		1B4B66F41C162F3800247198 /* Release */ = {
			isa = XCBuildConfiguration;
			buildSettings = {
				ASSETCATALOG_COMPILER_APPICON_NAME = AppIcon;
				FRAMEWORK_SEARCH_PATHS = (
					"$(inherited)",
					"$(PROJECT_DIR)",
				);
				INFOPLIST_FILE = ContaCafeParse/Info.plist;
				LD_RUNPATH_SEARCH_PATHS = "$(inherited) @executable_path/Frameworks";
				PRODUCT_BUNDLE_IDENTIFIER = unicauca.ContaCafeParse;
				PRODUCT_NAME = "$(TARGET_NAME)";
			};
			name = Release;
		};
/* End XCBuildConfiguration section */

/* Begin XCConfigurationList section */
		1B4B66DB1C162F3800247198 /* Build configuration list for PBXProject "ContaCafeParse" */ = {
			isa = XCConfigurationList;
			buildConfigurations = (
				1B4B66F01C162F3800247198 /* Debug */,
				1B4B66F11C162F3800247198 /* Release */,
			);
			defaultConfigurationIsVisible = 0;
			defaultConfigurationName = Release;
		};
		1B4B66F21C162F3800247198 /* Build configuration list for PBXNativeTarget "ContaCafeParse" */ = {
			isa = XCConfigurationList;
			buildConfigurations = (
				1B4B66F31C162F3800247198 /* Debug */,
				1B4B66F41C162F3800247198 /* Release */,
			);
			defaultConfigurationIsVisible = 0;
		};
/* End XCConfigurationList section */
	};
	rootObject = 1B4B66D81C162F3800247198 /* Project object */;
}
