// !$*UTF8*$!
{
	archiveVersion = 1;
	classes = {
	};
	objectVersion = 46;
	objects = {

/* Begin PBXBuildFile section */
		1B32866B1C18741600D3C00D /* VerSemanaViewController.swift in Sources */ = {isa = PBXBuildFile; fileRef = 1B32866A1C18741600D3C00D /* VerSemanaViewController.swift */; };
		1B32866D1C1882AA00D3C00D /* Semana.swift in Sources */ = {isa = PBXBuildFile; fileRef = 1B32866C1C1882AA00D3C00D /* Semana.swift */; };
		1B3286701C18877100D3C00D /* SemanaTableViewCell.swift in Sources */ = {isa = PBXBuildFile; fileRef = 1B32866F1C18877100D3C00D /* SemanaTableViewCell.swift */; };
		1B3286731C1895EA00D3C00D /* SemanaParse.swift in Sources */ = {isa = PBXBuildFile; fileRef = 1B3286721C1895EA00D3C00D /* SemanaParse.swift */; };
		1B3C3FBE1C1B13520038C48A /* InsumoParse.swift in Sources */ = {isa = PBXBuildFile; fileRef = 1B3C3FBD1C1B13520038C48A /* InsumoParse.swift */; };
		1B3C3FC01C1B136A0038C48A /* TrabajadorParse.swift in Sources */ = {isa = PBXBuildFile; fileRef = 1B3C3FBF1C1B136A0038C48A /* TrabajadorParse.swift */; };
		1B3C3FC21C1B38860038C48A /* AgregarInsumoViewController.swift in Sources */ = {isa = PBXBuildFile; fileRef = 1B3C3FC11C1B38860038C48A /* AgregarInsumoViewController.swift */; };
		1B4B66E41C162F3800247198 /* AppDelegate.swift in Sources */ = {isa = PBXBuildFile; fileRef = 1B4B66E31C162F3800247198 /* AppDelegate.swift */; };
		1B4B66E61C162F3800247198 /* ViewController.swift in Sources */ = {isa = PBXBuildFile; fileRef = 1B4B66E51C162F3800247198 /* ViewController.swift */; };
		1B4B66EB1C162F3800247198 /* Assets.xcassets in Resources */ = {isa = PBXBuildFile; fileRef = 1B4B66EA1C162F3800247198 /* Assets.xcassets */; };
		1B4B66EE1C162F3800247198 /* LaunchScreen.storyboard in Resources */ = {isa = PBXBuildFile; fileRef = 1B4B66EC1C162F3800247198 /* LaunchScreen.storyboard */; };
		1B4B66F71C1631FC00247198 /* Bolts.framework in Frameworks */ = {isa = PBXBuildFile; fileRef = 1B4B66F61C1631FC00247198 /* Bolts.framework */; };
		1B4B66F91C16321100247198 /* Parse.framework in Frameworks */ = {isa = PBXBuildFile; fileRef = 1B4B66F81C16321100247198 /* Parse.framework */; };
		1B4B66FB1C16345A00247198 /* AudioToolbox.framework in Frameworks */ = {isa = PBXBuildFile; fileRef = 1B4B66FA1C16345A00247198 /* AudioToolbox.framework */; };
		1B4B66FD1C16346600247198 /* CFNetwork.framework in Frameworks */ = {isa = PBXBuildFile; fileRef = 1B4B66FC1C16346600247198 /* CFNetwork.framework */; };
		1B4B66FF1C16347300247198 /* CoreGraphics.framework in Frameworks */ = {isa = PBXBuildFile; fileRef = 1B4B66FE1C16347300247198 /* CoreGraphics.framework */; };
		1B4B67011C16348100247198 /* CoreLocation.framework in Frameworks */ = {isa = PBXBuildFile; fileRef = 1B4B67001C16348100247198 /* CoreLocation.framework */; };
		1B4B67031C16349000247198 /* QuartzCore.framework in Frameworks */ = {isa = PBXBuildFile; fileRef = 1B4B67021C16349000247198 /* QuartzCore.framework */; };
		1B4B67051C16349C00247198 /* Security.framework in Frameworks */ = {isa = PBXBuildFile; fileRef = 1B4B67041C16349C00247198 /* Security.framework */; };
		1B4B67071C1634AD00247198 /* StoreKit.framework in Frameworks */ = {isa = PBXBuildFile; fileRef = 1B4B67061C1634AD00247198 /* StoreKit.framework */; };
		1B4B67091C1634BB00247198 /* SystemConfiguration.framework in Frameworks */ = {isa = PBXBuildFile; fileRef = 1B4B67081C1634BB00247198 /* SystemConfiguration.framework */; };
		1B4B670B1C1634D300247198 /* libz.tbd in Frameworks */ = {isa = PBXBuildFile; fileRef = 1B4B670A1C1634D300247198 /* libz.tbd */; };
		1B4B670D1C1634E400247198 /* libsqlite3.tbd in Frameworks */ = {isa = PBXBuildFile; fileRef = 1B4B670C1C1634E400247198 /* libsqlite3.tbd */; };
		1B4B670F1C16354700247198 /* Accounts.framework in Frameworks */ = {isa = PBXBuildFile; fileRef = 1B4B670E1C16354700247198 /* Accounts.framework */; };
		1B4B67111C16355500247198 /* Social.framework in Frameworks */ = {isa = PBXBuildFile; fileRef = 1B4B67101C16355500247198 /* Social.framework */; };
		1B4B67141C16442200247198 /* Trabajador.swift in Sources */ = {isa = PBXBuildFile; fileRef = 1B4B67131C16442200247198 /* Trabajador.swift */; };
		1B509EE31C1CCAF9005160A1 /* AgregarTrabajadorViewController.swift in Sources */ = {isa = PBXBuildFile; fileRef = 1B509EE21C1CCAF9005160A1 /* AgregarTrabajadorViewController.swift */; };
		1B9F93E91C1DC30200FE43CE /* Mapa.png in Resources */ = {isa = PBXBuildFile; fileRef = 1B9F93E81C1DC30200FE43CE /* Mapa.png */; };
		1B9F93EB1C1DC30A00FE43CE /* Calendario.png in Resources */ = {isa = PBXBuildFile; fileRef = 1B9F93EA1C1DC30A00FE43CE /* Calendario.png */; };
		1B9F93ED1C1DC92700FE43CE /* Insumos.png in Resources */ = {isa = PBXBuildFile; fileRef = 1B9F93EC1C1DC92700FE43CE /* Insumos.png */; };
		1BA867BD1C19DC020095C3AB /* AgregarSemanaViewController.swift in Sources */ = {isa = PBXBuildFile; fileRef = 1BA867BC1C19DC020095C3AB /* AgregarSemanaViewController.swift */; };
		1BAE84A81C1C818100B4789A /* VerTrabajadorViewController.swift in Sources */ = {isa = PBXBuildFile; fileRef = 1BAE84A71C1C818100B4789A /* VerTrabajadorViewController.swift */; };
		1BAE84AA1C1C81DF00B4789A /* TrabajadorTableViewCell.swift in Sources */ = {isa = PBXBuildFile; fileRef = 1BAE84A91C1C81DF00B4789A /* TrabajadorTableViewCell.swift */; };
		1BC58B1E1C1CE5F6003B1487 /* MapViewController.swift in Sources */ = {isa = PBXBuildFile; fileRef = 1BC58B1D1C1CE5F6003B1487 /* MapViewController.swift */; };
		1BC58B201C1CEDF4003B1487 /* RegisterPageViewController.swift in Sources */ = {isa = PBXBuildFile; fileRef = 1BC58B1F1C1CEDF4003B1487 /* RegisterPageViewController.swift */; };
		1BC58B221C1CF0D9003B1487 /* LoginViewController.swift in Sources */ = {isa = PBXBuildFile; fileRef = 1BC58B211C1CF0D9003B1487 /* LoginViewController.swift */; };
		1BE29ACC1C1E0E4300764098 /* HttpConnection.swift in Sources */ = {isa = PBXBuildFile; fileRef = 1BE29ACB1C1E0E4300764098 /* HttpConnection.swift */; };
		1BE29ACE1C1E0F5700764098 /* ClimaViewController.swift in Sources */ = {isa = PBXBuildFile; fileRef = 1BE29ACD1C1E0F5700764098 /* ClimaViewController.swift */; };
		1BE29AD01C1E135000764098 /* clima.png in Resources */ = {isa = PBXBuildFile; fileRef = 1BE29ACF1C1E135000764098 /* clima.png */; };
		1BE29AEE1C1E1E4C00764098 /* SQLite.framework in Frameworks */ = {isa = PBXBuildFile; fileRef = 1BE29ADF1C1E1E3700764098 /* SQLite.framework */; };
		1BE29AF11C1E1E7D00764098 /* SemanaDao.swift in Sources */ = {isa = PBXBuildFile; fileRef = 1BE29AF01C1E1E7D00764098 /* SemanaDao.swift */; };
		1BE29AF31C1E1FA400764098 /* VerSemanaLocalViewController.swift in Sources */ = {isa = PBXBuildFile; fileRef = 1BE29AF21C1E1FA400764098 /* VerSemanaLocalViewController.swift */; };
		1BE29AF71C1E20B100764098 /* SemanaLocalTableViewCell.swift in Sources */ = {isa = PBXBuildFile; fileRef = 1BE29AF61C1E20B100764098 /* SemanaLocalTableViewCell.swift */; };
		1BE29AFB1C1E270B00764098 /* Main.storyboard in Resources */ = {isa = PBXBuildFile; fileRef = 1BE29AFA1C1E270B00764098 /* Main.storyboard */; };
		1BE29AFF1C1E278A00764098 /* Base de Datos.png in Resources */ = {isa = PBXBuildFile; fileRef = 1BE29AFE1C1E278A00764098 /* Base de Datos.png */; };
		1BE814DE1C1A3113009BCDBC /* VerInsumoViewController.swift in Sources */ = {isa = PBXBuildFile; fileRef = 1BE814DD1C1A3113009BCDBC /* VerInsumoViewController.swift */; };
		1BE814E01C1A3425009BCDBC /* InsumoTableViewCell.swift in Sources */ = {isa = PBXBuildFile; fileRef = 1BE814DF1C1A3425009BCDBC /* InsumoTableViewCell.swift */; };
		1BE814E21C1A384F009BCDBC /* Insumo.swift in Sources */ = {isa = PBXBuildFile; fileRef = 1BE814E11C1A384F009BCDBC /* Insumo.swift */; };
/* End PBXBuildFile section */

/* Begin PBXContainerItemProxy section */
		1BE29ADE1C1E1E3700764098 /* PBXContainerItemProxy */ = {
			isa = PBXContainerItemProxy;
			containerPortal = 1BE29AD21C1E1E3700764098 /* SQLite.xcodeproj */;
			proxyType = 2;
			remoteGlobalIDString = DC2B29E21B26F718001C60EA;
			remoteInfo = "SQLite iOS";
		};
		1BE29AE01C1E1E3700764098 /* PBXContainerItemProxy */ = {
			isa = PBXContainerItemProxy;
			containerPortal = 1BE29AD21C1E1E3700764098 /* SQLite.xcodeproj */;
			proxyType = 2;
			remoteGlobalIDString = DC2B29EC1B26F718001C60EA;
			remoteInfo = "SQLite iOS Tests";
		};
		1BE29AE21C1E1E3700764098 /* PBXContainerItemProxy */ = {
			isa = PBXContainerItemProxy;
			containerPortal = 1BE29AD21C1E1E3700764098 /* SQLite.xcodeproj */;
			proxyType = 2;
			remoteGlobalIDString = DC7253AC1B52ADEB009B38B1;
			remoteInfo = "SQLite Mac";
		};
		1BE29AE41C1E1E3700764098 /* PBXContainerItemProxy */ = {
			isa = PBXContainerItemProxy;
			containerPortal = 1BE29AD21C1E1E3700764098 /* SQLite.xcodeproj */;
			proxyType = 2;
			remoteGlobalIDString = DC7253B51B52ADEC009B38B1;
			remoteInfo = "SQLite Mac Tests";
		};
		1BE29AE61C1E1E3700764098 /* PBXContainerItemProxy */ = {
			isa = PBXContainerItemProxy;
			containerPortal = 1BE29AD21C1E1E3700764098 /* SQLite.xcodeproj */;
			proxyType = 2;
			remoteGlobalIDString = DCE7BB7A1B7434F90040D364;
			remoteInfo = "SQLiteCipher iOS";
		};
		1BE29AE81C1E1E3700764098 /* PBXContainerItemProxy */ = {
			isa = PBXContainerItemProxy;
			containerPortal = 1BE29AD21C1E1E3700764098 /* SQLite.xcodeproj */;
			proxyType = 2;
			remoteGlobalIDString = DCE7BB831B7434F90040D364;
			remoteInfo = "SQLiteCipher iOS Tests";
		};
		1BE29AEA1C1E1E3700764098 /* PBXContainerItemProxy */ = {
			isa = PBXContainerItemProxy;
			containerPortal = 1BE29AD21C1E1E3700764098 /* SQLite.xcodeproj */;
			proxyType = 2;
			remoteGlobalIDString = DCE7BBB01B7438610040D364;
			remoteInfo = "SQLiteCipher Mac";
		};
		1BE29AEC1C1E1E3700764098 /* PBXContainerItemProxy */ = {
			isa = PBXContainerItemProxy;
			containerPortal = 1BE29AD21C1E1E3700764098 /* SQLite.xcodeproj */;
			proxyType = 2;
			remoteGlobalIDString = DCE7BBB91B7438620040D364;
			remoteInfo = "SQLiteCipher Mac Tests";
		};
/* End PBXContainerItemProxy section */

/* Begin PBXFileReference section */
		1B32866A1C18741600D3C00D /* VerSemanaViewController.swift */ = {isa = PBXFileReference; fileEncoding = 4; lastKnownFileType = sourcecode.swift; path = VerSemanaViewController.swift; sourceTree = "<group>"; };
		1B32866C1C1882AA00D3C00D /* Semana.swift */ = {isa = PBXFileReference; fileEncoding = 4; lastKnownFileType = sourcecode.swift; path = Semana.swift; sourceTree = "<group>"; };
		1B32866F1C18877100D3C00D /* SemanaTableViewCell.swift */ = {isa = PBXFileReference; fileEncoding = 4; lastKnownFileType = sourcecode.swift; path = SemanaTableViewCell.swift; sourceTree = "<group>"; };
		1B3286721C1895EA00D3C00D /* SemanaParse.swift */ = {isa = PBXFileReference; fileEncoding = 4; lastKnownFileType = sourcecode.swift; path = SemanaParse.swift; sourceTree = "<group>"; };
		1B3C3FBD1C1B13520038C48A /* InsumoParse.swift */ = {isa = PBXFileReference; fileEncoding = 4; lastKnownFileType = sourcecode.swift; path = InsumoParse.swift; sourceTree = "<group>"; };
		1B3C3FBF1C1B136A0038C48A /* TrabajadorParse.swift */ = {isa = PBXFileReference; fileEncoding = 4; lastKnownFileType = sourcecode.swift; path = TrabajadorParse.swift; sourceTree = "<group>"; };
		1B3C3FC11C1B38860038C48A /* AgregarInsumoViewController.swift */ = {isa = PBXFileReference; fileEncoding = 4; lastKnownFileType = sourcecode.swift; path = AgregarInsumoViewController.swift; sourceTree = "<group>"; };
		1B4B66E01C162F3800247198 /* ContaCafeParse.app */ = {isa = PBXFileReference; explicitFileType = wrapper.application; includeInIndex = 0; path = ContaCafeParse.app; sourceTree = BUILT_PRODUCTS_DIR; };
		1B4B66E31C162F3800247198 /* AppDelegate.swift */ = {isa = PBXFileReference; lastKnownFileType = sourcecode.swift; path = AppDelegate.swift; sourceTree = "<group>"; };
		1B4B66E51C162F3800247198 /* ViewController.swift */ = {isa = PBXFileReference; lastKnownFileType = sourcecode.swift; path = ViewController.swift; sourceTree = "<group>"; };
		1B4B66EA1C162F3800247198 /* Assets.xcassets */ = {isa = PBXFileReference; lastKnownFileType = folder.assetcatalog; path = Assets.xcassets; sourceTree = "<group>"; };
		1B4B66ED1C162F3800247198 /* Base */ = {isa = PBXFileReference; lastKnownFileType = file.storyboard; name = Base; path = Base.lproj/LaunchScreen.storyboard; sourceTree = "<group>"; };
		1B4B66EF1C162F3800247198 /* Info.plist */ = {isa = PBXFileReference; lastKnownFileType = text.plist.xml; path = Info.plist; sourceTree = "<group>"; };
		1B4B66F61C1631FC00247198 /* Bolts.framework */ = {isa = PBXFileReference; lastKnownFileType = wrapper.framework; path = Bolts.framework; sourceTree = "<group>"; };
		1B4B66F81C16321100247198 /* Parse.framework */ = {isa = PBXFileReference; lastKnownFileType = wrapper.framework; path = Parse.framework; sourceTree = "<group>"; };
		1B4B66FA1C16345A00247198 /* AudioToolbox.framework */ = {isa = PBXFileReference; lastKnownFileType = wrapper.framework; name = AudioToolbox.framework; path = System/Library/Frameworks/AudioToolbox.framework; sourceTree = SDKROOT; };
		1B4B66FC1C16346600247198 /* CFNetwork.framework */ = {isa = PBXFileReference; lastKnownFileType = wrapper.framework; name = CFNetwork.framework; path = System/Library/Frameworks/CFNetwork.framework; sourceTree = SDKROOT; };
		1B4B66FE1C16347300247198 /* CoreGraphics.framework */ = {isa = PBXFileReference; lastKnownFileType = wrapper.framework; name = CoreGraphics.framework; path = System/Library/Frameworks/CoreGraphics.framework; sourceTree = SDKROOT; };
		1B4B67001C16348100247198 /* CoreLocation.framework */ = {isa = PBXFileReference; lastKnownFileType = wrapper.framework; name = CoreLocation.framework; path = System/Library/Frameworks/CoreLocation.framework; sourceTree = SDKROOT; };
		1B4B67021C16349000247198 /* QuartzCore.framework */ = {isa = PBXFileReference; lastKnownFileType = wrapper.framework; name = QuartzCore.framework; path = System/Library/Frameworks/QuartzCore.framework; sourceTree = SDKROOT; };
		1B4B67041C16349C00247198 /* Security.framework */ = {isa = PBXFileReference; lastKnownFileType = wrapper.framework; name = Security.framework; path = System/Library/Frameworks/Security.framework; sourceTree = SDKROOT; };
		1B4B67061C1634AD00247198 /* StoreKit.framework */ = {isa = PBXFileReference; lastKnownFileType = wrapper.framework; name = StoreKit.framework; path = System/Library/Frameworks/StoreKit.framework; sourceTree = SDKROOT; };
		1B4B67081C1634BB00247198 /* SystemConfiguration.framework */ = {isa = PBXFileReference; lastKnownFileType = wrapper.framework; name = SystemConfiguration.framework; path = System/Library/Frameworks/SystemConfiguration.framework; sourceTree = SDKROOT; };
		1B4B670A1C1634D300247198 /* libz.tbd */ = {isa = PBXFileReference; lastKnownFileType = "sourcecode.text-based-dylib-definition"; name = libz.tbd; path = usr/lib/libz.tbd; sourceTree = SDKROOT; };
		1B4B670C1C1634E400247198 /* libsqlite3.tbd */ = {isa = PBXFileReference; lastKnownFileType = "sourcecode.text-based-dylib-definition"; name = libsqlite3.tbd; path = usr/lib/libsqlite3.tbd; sourceTree = SDKROOT; };
		1B4B670E1C16354700247198 /* Accounts.framework */ = {isa = PBXFileReference; lastKnownFileType = wrapper.framework; name = Accounts.framework; path = System/Library/Frameworks/Accounts.framework; sourceTree = SDKROOT; };
		1B4B67101C16355500247198 /* Social.framework */ = {isa = PBXFileReference; lastKnownFileType = wrapper.framework; name = Social.framework; path = System/Library/Frameworks/Social.framework; sourceTree = SDKROOT; };
		1B4B67131C16442200247198 /* Trabajador.swift */ = {isa = PBXFileReference; fileEncoding = 4; lastKnownFileType = sourcecode.swift; path = Trabajador.swift; sourceTree = "<group>"; };
		1B509EE21C1CCAF9005160A1 /* AgregarTrabajadorViewController.swift */ = {isa = PBXFileReference; fileEncoding = 4; lastKnownFileType = sourcecode.swift; path = AgregarTrabajadorViewController.swift; sourceTree = "<group>"; };
		1B9F93E81C1DC30200FE43CE /* Mapa.png */ = {isa = PBXFileReference; lastKnownFileType = image.png; path = Mapa.png; sourceTree = "<group>"; };
		1B9F93EA1C1DC30A00FE43CE /* Calendario.png */ = {isa = PBXFileReference; lastKnownFileType = image.png; path = Calendario.png; sourceTree = "<group>"; };
		1B9F93EC1C1DC92700FE43CE /* Insumos.png */ = {isa = PBXFileReference; lastKnownFileType = image.png; path = Insumos.png; sourceTree = "<group>"; };
		1BA867BC1C19DC020095C3AB /* AgregarSemanaViewController.swift */ = {isa = PBXFileReference; fileEncoding = 4; lastKnownFileType = sourcecode.swift; path = AgregarSemanaViewController.swift; sourceTree = "<group>"; };
		1BAE84A71C1C818100B4789A /* VerTrabajadorViewController.swift */ = {isa = PBXFileReference; fileEncoding = 4; lastKnownFileType = sourcecode.swift; path = VerTrabajadorViewController.swift; sourceTree = "<group>"; };
		1BAE84A91C1C81DF00B4789A /* TrabajadorTableViewCell.swift */ = {isa = PBXFileReference; fileEncoding = 4; lastKnownFileType = sourcecode.swift; path = TrabajadorTableViewCell.swift; sourceTree = "<group>"; };
		1BC58B1D1C1CE5F6003B1487 /* MapViewController.swift */ = {isa = PBXFileReference; fileEncoding = 4; lastKnownFileType = sourcecode.swift; path = MapViewController.swift; sourceTree = "<group>"; };
		1BC58B1F1C1CEDF4003B1487 /* RegisterPageViewController.swift */ = {isa = PBXFileReference; fileEncoding = 4; lastKnownFileType = sourcecode.swift; path = RegisterPageViewController.swift; sourceTree = "<group>"; };
		1BC58B211C1CF0D9003B1487 /* LoginViewController.swift */ = {isa = PBXFileReference; fileEncoding = 4; lastKnownFileType = sourcecode.swift; path = LoginViewController.swift; sourceTree = "<group>"; };
		1BE29ACB1C1E0E4300764098 /* HttpConnection.swift */ = {isa = PBXFileReference; fileEncoding = 4; lastKnownFileType = sourcecode.swift; path = HttpConnection.swift; sourceTree = "<group>"; };
		1BE29ACD1C1E0F5700764098 /* ClimaViewController.swift */ = {isa = PBXFileReference; fileEncoding = 4; lastKnownFileType = sourcecode.swift; path = ClimaViewController.swift; sourceTree = "<group>"; };
		1BE29ACF1C1E135000764098 /* clima.png */ = {isa = PBXFileReference; lastKnownFileType = image.png; path = clima.png; sourceTree = "<group>"; };
		1BE29AD11C1E1BB000764098 /* Bridging-Header.h */ = {isa = PBXFileReference; lastKnownFileType = sourcecode.c.h; path = "Bridging-Header.h"; sourceTree = "<group>"; };
		1BE29AD21C1E1E3700764098 /* SQLite.xcodeproj */ = {isa = PBXFileReference; lastKnownFileType = "wrapper.pb-project"; name = SQLite.xcodeproj; path = "SQLite.swift-master/SQLite.xcodeproj"; sourceTree = "<group>"; };
		1BE29AF01C1E1E7D00764098 /* SemanaDao.swift */ = {isa = PBXFileReference; fileEncoding = 4; lastKnownFileType = sourcecode.swift; path = SemanaDao.swift; sourceTree = "<group>"; };
		1BE29AF21C1E1FA400764098 /* VerSemanaLocalViewController.swift */ = {isa = PBXFileReference; fileEncoding = 4; lastKnownFileType = sourcecode.swift; path = VerSemanaLocalViewController.swift; sourceTree = "<group>"; };
		1BE29AF61C1E20B100764098 /* SemanaLocalTableViewCell.swift */ = {isa = PBXFileReference; fileEncoding = 4; lastKnownFileType = sourcecode.swift; path = SemanaLocalTableViewCell.swift; sourceTree = "<group>"; };
		1BE29AFA1C1E270B00764098 /* Main.storyboard */ = {isa = PBXFileReference; fileEncoding = 4; lastKnownFileType = file.storyboard; path = Main.storyboard; sourceTree = "<group>"; };
		1BE29AFE1C1E278A00764098 /* Base de Datos.png */ = {isa = PBXFileReference; lastKnownFileType = image.png; path = "Base de Datos.png"; sourceTree = "<group>"; };
		1BE814DD1C1A3113009BCDBC /* VerInsumoViewController.swift */ = {isa = PBXFileReference; fileEncoding = 4; lastKnownFileType = sourcecode.swift; path = VerInsumoViewController.swift; sourceTree = "<group>"; };
		1BE814DF1C1A3425009BCDBC /* InsumoTableViewCell.swift */ = {isa = PBXFileReference; fileEncoding = 4; lastKnownFileType = sourcecode.swift; path = InsumoTableViewCell.swift; sourceTree = "<group>"; };
		1BE814E11C1A384F009BCDBC /* Insumo.swift */ = {isa = PBXFileReference; fileEncoding = 4; lastKnownFileType = sourcecode.swift; path = Insumo.swift; sourceTree = "<group>"; };
/* End PBXFileReference section */

/* Begin PBXFrameworksBuildPhase section */
		1B4B66DD1C162F3800247198 /* Frameworks */ = {
			isa = PBXFrameworksBuildPhase;
			buildActionMask = 2147483647;
			files = (
				1BE29AEE1C1E1E4C00764098 /* SQLite.framework in Frameworks */,
				1B4B670D1C1634E400247198 /* libsqlite3.tbd in Frameworks */,
				1B4B67111C16355500247198 /* Social.framework in Frameworks */,
				1B4B670F1C16354700247198 /* Accounts.framework in Frameworks */,
				1B4B670B1C1634D300247198 /* libz.tbd in Frameworks */,
				1B4B67091C1634BB00247198 /* SystemConfiguration.framework in Frameworks */,
				1B4B67071C1634AD00247198 /* StoreKit.framework in Frameworks */,
				1B4B67051C16349C00247198 /* Security.framework in Frameworks */,
				1B4B67031C16349000247198 /* QuartzCore.framework in Frameworks */,
				1B4B67011C16348100247198 /* CoreLocation.framework in Frameworks */,
				1B4B66FF1C16347300247198 /* CoreGraphics.framework in Frameworks */,
				1B4B66FD1C16346600247198 /* CFNetwork.framework in Frameworks */,
				1B4B66FB1C16345A00247198 /* AudioToolbox.framework in Frameworks */,
				1B4B66F91C16321100247198 /* Parse.framework in Frameworks */,
				1B4B66F71C1631FC00247198 /* Bolts.framework in Frameworks */,
			);
			runOnlyForDeploymentPostprocessing = 0;
		};
/* End PBXFrameworksBuildPhase section */

/* Begin PBXGroup section */
		1B32866E1C18870400D3C00D /* Cells */ = {
			isa = PBXGroup;
			children = (
				1B32866F1C18877100D3C00D /* SemanaTableViewCell.swift */,
				1BE814DF1C1A3425009BCDBC /* InsumoTableViewCell.swift */,
				1BAE84A91C1C81DF00B4789A /* TrabajadorTableViewCell.swift */,
				1BE29AF61C1E20B100764098 /* SemanaLocalTableViewCell.swift */,
			);
			name = Cells;
			sourceTree = "<group>";
		};
		1B3286711C1895CD00D3C00D /* Parse */ = {
			isa = PBXGroup;
			children = (
				1B3286721C1895EA00D3C00D /* SemanaParse.swift */,
				1B3C3FBD1C1B13520038C48A /* InsumoParse.swift */,
				1B3C3FBF1C1B136A0038C48A /* TrabajadorParse.swift */,
			);
			name = Parse;
			sourceTree = "<group>";
		};
		1B4B66D71C162F3800247198 = {
			isa = PBXGroup;
			children = (
				1BE29AEF1C1E1E6000764098 /* Database */,
				1B4B670C1C1634E400247198 /* libsqlite3.tbd */,
				1BE29ACA1C1E0DD900764098 /* Net */,
				1B9F93E71C1DC2EE00FE43CE /* Images */,
				1B9F93E61C1DC2E200FE43CE /* Mapas */,
				1B9F93E51C1DC2CE00FE43CE /* Login */,
				1B3286711C1895CD00D3C00D /* Parse */,
				1B32866E1C18870400D3C00D /* Cells */,
				1B4B67121C16411600247198 /* Models */,
				1B4B66F51C162F4400247198 /* Frameworks */,
				1B4B66E21C162F3800247198 /* ContaCafeParse */,
				1B4B66E11C162F3800247198 /* Products */,
				1BE29AD21C1E1E3700764098 /* SQLite.xcodeproj */,
			);
			sourceTree = "<group>";
		};
		1B4B66E11C162F3800247198 /* Products */ = {
			isa = PBXGroup;
			children = (
				1B4B66E01C162F3800247198 /* ContaCafeParse.app */,
			);
			name = Products;
			sourceTree = "<group>";
		};
		1B4B66E21C162F3800247198 /* ContaCafeParse */ = {
			isa = PBXGroup;
			children = (
				1BE29AD11C1E1BB000764098 /* Bridging-Header.h */,
				1B4B66E31C162F3800247198 /* AppDelegate.swift */,
				1B4B66E51C162F3800247198 /* ViewController.swift */,
				1B4B66EA1C162F3800247198 /* Assets.xcassets */,
				1B4B66EC1C162F3800247198 /* LaunchScreen.storyboard */,
				1B4B66EF1C162F3800247198 /* Info.plist */,
				1B32866A1C18741600D3C00D /* VerSemanaViewController.swift */,
				1BE29AFA1C1E270B00764098 /* Main.storyboard */,
				1BA867BC1C19DC020095C3AB /* AgregarSemanaViewController.swift */,
				1BE814DD1C1A3113009BCDBC /* VerInsumoViewController.swift */,
				1B3C3FC11C1B38860038C48A /* AgregarInsumoViewController.swift */,
				1BAE84A71C1C818100B4789A /* VerTrabajadorViewController.swift */,
				1B509EE21C1CCAF9005160A1 /* AgregarTrabajadorViewController.swift */,
				1BE29AF21C1E1FA400764098 /* VerSemanaLocalViewController.swift */,
			);
			path = ContaCafeParse;
			sourceTree = "<group>";
		};
		1B4B66F51C162F4400247198 /* Frameworks */ = {
			isa = PBXGroup;
			children = (
				1B4B67101C16355500247198 /* Social.framework */,
				1B4B670E1C16354700247198 /* Accounts.framework */,
				1B4B670A1C1634D300247198 /* libz.tbd */,
				1B4B67081C1634BB00247198 /* SystemConfiguration.framework */,
				1B4B67061C1634AD00247198 /* StoreKit.framework */,
				1B4B67041C16349C00247198 /* Security.framework */,
				1B4B67021C16349000247198 /* QuartzCore.framework */,
				1B4B67001C16348100247198 /* CoreLocation.framework */,
				1B4B66FE1C16347300247198 /* CoreGraphics.framework */,
				1B4B66FC1C16346600247198 /* CFNetwork.framework */,
				1B4B66FA1C16345A00247198 /* AudioToolbox.framework */,
				1B4B66F81C16321100247198 /* Parse.framework */,
				1B4B66F61C1631FC00247198 /* Bolts.framework */,
			);
			name = Frameworks;
			sourceTree = "<group>";
		};
		1B4B67121C16411600247198 /* Models */ = {
			isa = PBXGroup;
			children = (
				1B4B67131C16442200247198 /* Trabajador.swift */,
				1B32866C1C1882AA00D3C00D /* Semana.swift */,
				1BE814E11C1A384F009BCDBC /* Insumo.swift */,
			);
			name = Models;
			sourceTree = "<group>";
		};
		1B9F93E51C1DC2CE00FE43CE /* Login */ = {
			isa = PBXGroup;
			children = (
				1BC58B1F1C1CEDF4003B1487 /* RegisterPageViewController.swift */,
				1BC58B211C1CF0D9003B1487 /* LoginViewController.swift */,
			);
			name = Login;
			sourceTree = "<group>";
		};
		1B9F93E61C1DC2E200FE43CE /* Mapas */ = {
			isa = PBXGroup;
			children = (
				1BC58B1D1C1CE5F6003B1487 /* MapViewController.swift */,
			);
			name = Mapas;
			sourceTree = "<group>";
		};
		1B9F93E71C1DC2EE00FE43CE /* Images */ = {
			isa = PBXGroup;
			children = (
				1B9F93E81C1DC30200FE43CE /* Mapa.png */,
				1B9F93EA1C1DC30A00FE43CE /* Calendario.png */,
				1B9F93EC1C1DC92700FE43CE /* Insumos.png */,
				1BE29AFE1C1E278A00764098 /* Base de Datos.png */,
				1BE29ACF1C1E135000764098 /* clima.png */,
			);
			name = Images;
			sourceTree = "<group>";
		};
		1BE29ACA1C1E0DD900764098 /* Net */ = {
			isa = PBXGroup;
			children = (
				1BE29ACD1C1E0F5700764098 /* ClimaViewController.swift */,
				1BE29ACB1C1E0E4300764098 /* HttpConnection.swift */,
			);
			name = Net;
			sourceTree = "<group>";
		};
		1BE29AD31C1E1E3700764098 /* Products */ = {
			isa = PBXGroup;
			children = (
				1BE29ADF1C1E1E3700764098 /* SQLite.framework */,
				1BE29AE11C1E1E3700764098 /* SQLite iOS Tests.xctest */,
				1BE29AE31C1E1E3700764098 /* SQLite.framework */,
				1BE29AE51C1E1E3700764098 /* SQLite Mac Tests.xctest */,
				1BE29AE71C1E1E3700764098 /* SQLiteCipher.framework */,
				1BE29AE91C1E1E3700764098 /* SQLiteCipher iOS Tests.xctest */,
				1BE29AEB1C1E1E3700764098 /* SQLiteCipher.framework */,
				1BE29AED1C1E1E3700764098 /* SQLiteCipher Mac Tests.xctest */,
			);
			name = Products;
			sourceTree = "<group>";
		};
		1BE29AEF1C1E1E6000764098 /* Database */ = {
			isa = PBXGroup;
			children = (
				1BE29AF01C1E1E7D00764098 /* SemanaDao.swift */,
			);
			name = Database;
			sourceTree = "<group>";
		};
/* End PBXGroup section */

/* Begin PBXNativeTarget section */
		1B4B66DF1C162F3800247198 /* ContaCafeParse */ = {
			isa = PBXNativeTarget;
			buildConfigurationList = 1B4B66F21C162F3800247198 /* Build configuration list for PBXNativeTarget "ContaCafeParse" */;
			buildPhases = (
				1B4B66DC1C162F3800247198 /* Sources */,
				1B4B66DD1C162F3800247198 /* Frameworks */,
				1B4B66DE1C162F3800247198 /* Resources */,
			);
			buildRules = (
			);
			dependencies = (
			);
			name = ContaCafeParse;
			productName = ContaCafeParse;
			productReference = 1B4B66E01C162F3800247198 /* ContaCafeParse.app */;
			productType = "com.apple.product-type.application";
		};
/* End PBXNativeTarget section */

/* Begin PBXProject section */
		1B4B66D81C162F3800247198 /* Project object */ = {
			isa = PBXProject;
			attributes = {
				LastSwiftUpdateCheck = 0710;
				LastUpgradeCheck = 0710;
				ORGANIZATIONNAME = Aplimovil;
				TargetAttributes = {
					1B4B66DF1C162F3800247198 = {
						CreatedOnToolsVersion = 7.1.1;
					};
				};
			};
			buildConfigurationList = 1B4B66DB1C162F3800247198 /* Build configuration list for PBXProject "ContaCafeParse" */;
			compatibilityVersion = "Xcode 3.2";
			developmentRegion = English;
			hasScannedForEncodings = 0;
			knownRegions = (
				en,
				Base,
			);
			mainGroup = 1B4B66D71C162F3800247198;
			productRefGroup = 1B4B66E11C162F3800247198 /* Products */;
			projectDirPath = "";
			projectReferences = (
				{
					ProductGroup = 1BE29AD31C1E1E3700764098 /* Products */;
					ProjectRef = 1BE29AD21C1E1E3700764098 /* SQLite.xcodeproj */;
				},
			);
			projectRoot = "";
			targets = (
				1B4B66DF1C162F3800247198 /* ContaCafeParse */,
			);
		};
/* End PBXProject section */

/* Begin PBXReferenceProxy section */
		1BE29ADF1C1E1E3700764098 /* SQLite.framework */ = {
			isa = PBXReferenceProxy;
			fileType = wrapper.framework;
			path = SQLite.framework;
			remoteRef = 1BE29ADE1C1E1E3700764098 /* PBXContainerItemProxy */;
			sourceTree = BUILT_PRODUCTS_DIR;
		};
		1BE29AE11C1E1E3700764098 /* SQLite iOS Tests.xctest */ = {
			isa = PBXReferenceProxy;
			fileType = wrapper.cfbundle;
			path = "SQLite iOS Tests.xctest";
			remoteRef = 1BE29AE01C1E1E3700764098 /* PBXContainerItemProxy */;
			sourceTree = BUILT_PRODUCTS_DIR;
		};
		1BE29AE31C1E1E3700764098 /* SQLite.framework */ = {
			isa = PBXReferenceProxy;
			fileType = wrapper.framework;
			path = SQLite.framework;
			remoteRef = 1BE29AE21C1E1E3700764098 /* PBXContainerItemProxy */;
			sourceTree = BUILT_PRODUCTS_DIR;
		};
		1BE29AE51C1E1E3700764098 /* SQLite Mac Tests.xctest */ = {
			isa = PBXReferenceProxy;
			fileType = wrapper.cfbundle;
			path = "SQLite Mac Tests.xctest";
			remoteRef = 1BE29AE41C1E1E3700764098 /* PBXContainerItemProxy */;
			sourceTree = BUILT_PRODUCTS_DIR;
		};
		1BE29AE71C1E1E3700764098 /* SQLiteCipher.framework */ = {
			isa = PBXReferenceProxy;
			fileType = wrapper.framework;
			path = SQLiteCipher.framework;
			remoteRef = 1BE29AE61C1E1E3700764098 /* PBXContainerItemProxy */;
			sourceTree = BUILT_PRODUCTS_DIR;
		};
		1BE29AE91C1E1E3700764098 /* SQLiteCipher iOS Tests.xctest */ = {
			isa = PBXReferenceProxy;
			fileType = wrapper.cfbundle;
			path = "SQLiteCipher iOS Tests.xctest";
			remoteRef = 1BE29AE81C1E1E3700764098 /* PBXContainerItemProxy */;
			sourceTree = BUILT_PRODUCTS_DIR;
		};
		1BE29AEB1C1E1E3700764098 /* SQLiteCipher.framework */ = {
			isa = PBXReferenceProxy;
			fileType = wrapper.framework;
			path = SQLiteCipher.framework;
			remoteRef = 1BE29AEA1C1E1E3700764098 /* PBXContainerItemProxy */;
			sourceTree = BUILT_PRODUCTS_DIR;
		};
		1BE29AED1C1E1E3700764098 /* SQLiteCipher Mac Tests.xctest */ = {
			isa = PBXReferenceProxy;
			fileType = wrapper.cfbundle;
			path = "SQLiteCipher Mac Tests.xctest";
			remoteRef = 1BE29AEC1C1E1E3700764098 /* PBXContainerItemProxy */;
			sourceTree = BUILT_PRODUCTS_DIR;
		};
/* End PBXReferenceProxy section */

/* Begin PBXResourcesBuildPhase section */
		1B4B66DE1C162F3800247198 /* Resources */ = {
			isa = PBXResourcesBuildPhase;
			buildActionMask = 2147483647;
			files = (
				1BE29AD01C1E135000764098 /* clima.png in Resources */,
				1B4B66EE1C162F3800247198 /* LaunchScreen.storyboard in Resources */,
				1BE29AFB1C1E270B00764098 /* Main.storyboard in Resources */,
				1BE29AFF1C1E278A00764098 /* Base de Datos.png in Resources */,
				1B9F93ED1C1DC92700FE43CE /* Insumos.png in Resources */,
				1B9F93EB1C1DC30A00FE43CE /* Calendario.png in Resources */,
				1B4B66EB1C162F3800247198 /* Assets.xcassets in Resources */,
				1B9F93E91C1DC30200FE43CE /* Mapa.png in Resources */,
			);
			runOnlyForDeploymentPostprocessing = 0;
		};
/* End PBXResourcesBuildPhase section */

/* Begin PBXSourcesBuildPhase section */
		1B4B66DC1C162F3800247198 /* Sources */ = {
			isa = PBXSourcesBuildPhase;
			buildActionMask = 2147483647;
			files = (
				1B32866D1C1882AA00D3C00D /* Semana.swift in Sources */,
				1B4B66E61C162F3800247198 /* ViewController.swift in Sources */,
				1BE814E01C1A3425009BCDBC /* InsumoTableViewCell.swift in Sources */,
				1B3286731C1895EA00D3C00D /* SemanaParse.swift in Sources */,
				1BA867BD1C19DC020095C3AB /* AgregarSemanaViewController.swift in Sources */,
				1BE29AF31C1E1FA400764098 /* VerSemanaLocalViewController.swift in Sources */,
				1BC58B201C1CEDF4003B1487 /* RegisterPageViewController.swift in Sources */,
				1BE29ACC1C1E0E4300764098 /* HttpConnection.swift in Sources */,
				1BAE84AA1C1C81DF00B4789A /* TrabajadorTableViewCell.swift in Sources */,
				1BAE84A81C1C818100B4789A /* VerTrabajadorViewController.swift in Sources */,
				1BC58B221C1CF0D9003B1487 /* LoginViewController.swift in Sources */,
				1BE29AF11C1E1E7D00764098 /* SemanaDao.swift in Sources */,
				1BE814DE1C1A3113009BCDBC /* VerInsumoViewController.swift in Sources */,
				1B3286701C18877100D3C00D /* SemanaTableViewCell.swift in Sources */,
				1B509EE31C1CCAF9005160A1 /* AgregarTrabajadorViewController.swift in Sources */,
				1B3C3FC21C1B38860038C48A /* AgregarInsumoViewController.swift in Sources */,
				1B32866B1C18741600D3C00D /* VerSemanaViewController.swift in Sources */,
				1B4B66E41C162F3800247198 /* AppDelegate.swift in Sources */,
				1BE29AF71C1E20B100764098 /* SemanaLocalTableViewCell.swift in Sources */,
				1BC58B1E1C1CE5F6003B1487 /* MapViewController.swift in Sources */,
				1BE29ACE1C1E0F5700764098 /* ClimaViewController.swift in Sources */,
				1B3C3FC01C1B136A0038C48A /* TrabajadorParse.swift in Sources */,
				1B4B67141C16442200247198 /* Trabajador.swift in Sources */,
				1B3C3FBE1C1B13520038C48A /* InsumoParse.swift in Sources */,
				1BE814E21C1A384F009BCDBC /* Insumo.swift in Sources */,
			);
			runOnlyForDeploymentPostprocessing = 0;
		};
/* End PBXSourcesBuildPhase section */

/* Begin PBXVariantGroup section */
		1B4B66EC1C162F3800247198 /* LaunchScreen.storyboard */ = {
			isa = PBXVariantGroup;
			children = (
				1B4B66ED1C162F3800247198 /* Base */,
			);
			name = LaunchScreen.storyboard;
			sourceTree = "<group>";
		};
/* End PBXVariantGroup section */

/* Begin XCBuildConfiguration section */
		1B4B66F01C162F3800247198 /* Debug */ = {
			isa = XCBuildConfiguration;
			buildSettings = {
				ALWAYS_SEARCH_USER_PATHS = NO;
				CLANG_CXX_LANGUAGE_STANDARD = "gnu++0x";
				CLANG_CXX_LIBRARY = "libc++";
				CLANG_ENABLE_MODULES = YES;
				CLANG_ENABLE_OBJC_ARC = YES;
				CLANG_WARN_BOOL_CONVERSION = YES;
				CLANG_WARN_CONSTANT_CONVERSION = YES;
				CLANG_WARN_DIRECT_OBJC_ISA_USAGE = YES_ERROR;
				CLANG_WARN_EMPTY_BODY = YES;
				CLANG_WARN_ENUM_CONVERSION = YES;
				CLANG_WARN_INT_CONVERSION = YES;
				CLANG_WARN_OBJC_ROOT_CLASS = YES_ERROR;
				CLANG_WARN_UNREACHABLE_CODE = YES;
				CLANG_WARN__DUPLICATE_METHOD_MATCH = YES;
				"CODE_SIGN_IDENTITY[sdk=iphoneos*]" = "iPhone Developer";
				COPY_PHASE_STRIP = NO;
				DEBUG_INFORMATION_FORMAT = dwarf;
				ENABLE_STRICT_OBJC_MSGSEND = YES;
				ENABLE_TESTABILITY = YES;
				GCC_C_LANGUAGE_STANDARD = gnu99;
				GCC_DYNAMIC_NO_PIC = NO;
				GCC_NO_COMMON_BLOCKS = YES;
				GCC_OPTIMIZATION_LEVEL = 0;
				GCC_PREPROCESSOR_DEFINITIONS = (
					"DEBUG=1",
					"$(inherited)",
				);
				GCC_WARN_64_TO_32_BIT_CONVERSION = YES;
				GCC_WARN_ABOUT_RETURN_TYPE = YES_ERROR;
				GCC_WARN_UNDECLARED_SELECTOR = YES;
				GCC_WARN_UNINITIALIZED_AUTOS = YES_AGGRESSIVE;
				GCC_WARN_UNUSED_FUNCTION = YES;
				GCC_WARN_UNUSED_VARIABLE = YES;
				IPHONEOS_DEPLOYMENT_TARGET = 9.1;
				MTL_ENABLE_DEBUG_INFO = YES;
				ONLY_ACTIVE_ARCH = YES;
				SDKROOT = iphoneos;
				SWIFT_OPTIMIZATION_LEVEL = "-Onone";
				TARGETED_DEVICE_FAMILY = "1,2";
			};
			name = Debug;
		};
		1B4B66F11C162F3800247198 /* Release */ = {
			isa = XCBuildConfiguration;
			buildSettings = {
				ALWAYS_SEARCH_USER_PATHS = NO;
				CLANG_CXX_LANGUAGE_STANDARD = "gnu++0x";
				CLANG_CXX_LIBRARY = "libc++";
				CLANG_ENABLE_MODULES = YES;
				CLANG_ENABLE_OBJC_ARC = YES;
				CLANG_WARN_BOOL_CONVERSION = YES;
				CLANG_WARN_CONSTANT_CONVERSION = YES;
				CLANG_WARN_DIRECT_OBJC_ISA_USAGE = YES_ERROR;
				CLANG_WARN_EMPTY_BODY = YES;
				CLANG_WARN_ENUM_CONVERSION = YES;
				CLANG_WARN_INT_CONVERSION = YES;
				CLANG_WARN_OBJC_ROOT_CLASS = YES_ERROR;
				CLANG_WARN_UNREACHABLE_CODE = YES;
				CLANG_WARN__DUPLICATE_METHOD_MATCH = YES;
				"CODE_SIGN_IDENTITY[sdk=iphoneos*]" = "iPhone Developer";
				COPY_PHASE_STRIP = NO;
				DEBUG_INFORMATION_FORMAT = "dwarf-with-dsym";
				ENABLE_NS_ASSERTIONS = NO;
				ENABLE_STRICT_OBJC_MSGSEND = YES;
				GCC_C_LANGUAGE_STANDARD = gnu99;
				GCC_NO_COMMON_BLOCKS = YES;
				GCC_WARN_64_TO_32_BIT_CONVERSION = YES;
				GCC_WARN_ABOUT_RETURN_TYPE = YES_ERROR;
				GCC_WARN_UNDECLARED_SELECTOR = YES;
				GCC_WARN_UNINITIALIZED_AUTOS = YES_AGGRESSIVE;
				GCC_WARN_UNUSED_FUNCTION = YES;
				GCC_WARN_UNUSED_VARIABLE = YES;
				IPHONEOS_DEPLOYMENT_TARGET = 9.1;
				MTL_ENABLE_DEBUG_INFO = NO;
				SDKROOT = iphoneos;
				TARGETED_DEVICE_FAMILY = "1,2";
				VALIDATE_PRODUCT = YES;
			};
			name = Release;
		};
		1B4B66F31C162F3800247198 /* Debug */ = {
			isa = XCBuildConfiguration;
			buildSettings = {
				ASSETCATALOG_COMPILER_APPICON_NAME = AppIcon;
				FRAMEWORK_SEARCH_PATHS = (
					"$(inherited)",
					"$(PROJECT_DIR)",
				);
				INFOPLIST_FILE = ContaCafeParse/Info.plist;
				LD_RUNPATH_SEARCH_PATHS = "$(inherited) @executable_path/Frameworks";
				PRODUCT_BUNDLE_IDENTIFIER = unicauca.ContaCafeParse;
				PRODUCT_NAME = "$(TARGET_NAME)";
				SWIFT_OBJC_BRIDGING_HEADER = "ContaCafeParse/Bridging-Header.h";
			};
			name = Debug;
		};
		1B4B66F41C162F3800247198 /* Release */ = {
			isa = XCBuildConfiguration;
			buildSettings = {
				ASSETCATALOG_COMPILER_APPICON_NAME = AppIcon;
				FRAMEWORK_SEARCH_PATHS = (
					"$(inherited)",
					"$(PROJECT_DIR)",
				);
				INFOPLIST_FILE = ContaCafeParse/Info.plist;
				LD_RUNPATH_SEARCH_PATHS = "$(inherited) @executable_path/Frameworks";
				PRODUCT_BUNDLE_IDENTIFIER = unicauca.ContaCafeParse;
				PRODUCT_NAME = "$(TARGET_NAME)";
				SWIFT_OBJC_BRIDGING_HEADER = "ContaCafeParse/Bridging-Header.h";
			};
			name = Release;
		};
/* End XCBuildConfiguration section */

/* Begin XCConfigurationList section */
		1B4B66DB1C162F3800247198 /* Build configuration list for PBXProject "ContaCafeParse" */ = {
			isa = XCConfigurationList;
			buildConfigurations = (
				1B4B66F01C162F3800247198 /* Debug */,
				1B4B66F11C162F3800247198 /* Release */,
			);
			defaultConfigurationIsVisible = 0;
			defaultConfigurationName = Release;
		};
		1B4B66F21C162F3800247198 /* Build configuration list for PBXNativeTarget "ContaCafeParse" */ = {
			isa = XCConfigurationList;
			buildConfigurations = (
				1B4B66F31C162F3800247198 /* Debug */,
				1B4B66F41C162F3800247198 /* Release */,
			);
			defaultConfigurationIsVisible = 0;
			defaultConfigurationName = Release;
		};
/* End XCConfigurationList section */
	};
	rootObject = 1B4B66D81C162F3800247198 /* Project object */;
}
